
Microsoft Visual Studio Solution File, Format Version 12.00
# Visual Studio Version 17
VisualStudioVersion = 17.3.32505.426
MinimumVisualStudioVersion = 10.0.40219.1
Project("{FAE04EC0-301F-11D3-BF4B-00C04F79EFBC}") = "Method_Intro", "Method_Intro\Method_Intro.csproj", "{A99722DE-DEF7-457E-A4AB-94F444126D10}"
EndProject
Global
	GlobalSection(SolutionConfigurationPlatforms) = preSolution
		Debug|Any CPU = Debug|Any CPU
		Release|Any CPU = Release|Any CPU
	EndGlobalSection
	GlobalSection(ProjectConfigurationPlatforms) = postSolution
		{A99722DE-DEF7-457E-A4AB-94F444126D10}.Debug|Any CPU.ActiveCfg = Debug|Any CPU
		{A99722DE-DEF7-457E-A4AB-94F444126D10}.Debug|Any CPU.Build.0 = Debug|Any CPU
		{A99722DE-DEF7-457E-A4AB-94F444126D10}.Release|Any CPU.ActiveCfg = Release|Any CPU
		{A99722DE-DEF7-457E-A4AB-94F444126D10}.Release|Any CPU.Build.0 = Release|Any CPU
	EndGlobalSection
	GlobalSection(SolutionProperties) = preSolution
		HideSolutionNode = FALSE
	EndGlobalSection
	GlobalSection(ExtensibilityGlobals) = postSolution
		SolutionGuid = {C9D5B9D5-CEC0-4B62-A988-91E5EF4024AE}
	EndGlobalSection
EndGlobal
